// !$*UTF8*$!
{
	archiveVersion = 1;
	classes = {
	};
	objectVersion = 56;
	objects = {

/* Begin PBXBuildFile section */
		30550CA02BC14D7700D51876 /* AppDelegate.swift in Sources */ = {isa = PBXBuildFile; fileRef = 30550C9F2BC14D7700D51876 /* AppDelegate.swift */; };
		30550CA22BC14D7700D51876 /* SceneDelegate.swift in Sources */ = {isa = PBXBuildFile; fileRef = 30550CA12BC14D7700D51876 /* SceneDelegate.swift */; };
		30550CA42BC14D7700D51876 /* LoginViewController.swift in Sources */ = {isa = PBXBuildFile; fileRef = 30550CA32BC14D7700D51876 /* LoginViewController.swift */; };
		30550CA72BC14D7700D51876 /* Base in Resources */ = {isa = PBXBuildFile; fileRef = 30550CA62BC14D7700D51876 /* Base */; };
		30550CA92BC14D7800D51876 /* Assets.xcassets in Resources */ = {isa = PBXBuildFile; fileRef = 30550CA82BC14D7800D51876 /* Assets.xcassets */; };
		30550CAC2BC14D7800D51876 /* Base in Resources */ = {isa = PBXBuildFile; fileRef = 30550CAB2BC14D7800D51876 /* Base */; };
		30550CB72BC14D7900D51876 /* ChatworkTests.swift in Sources */ = {isa = PBXBuildFile; fileRef = 30550CB62BC14D7900D51876 /* ChatworkTests.swift */; };
		30550CC12BC14D7900D51876 /* ChatworkUITests.swift in Sources */ = {isa = PBXBuildFile; fileRef = 30550CC02BC14D7900D51876 /* ChatworkUITests.swift */; };
		30550CC32BC14D7900D51876 /* ChatworkUITestsLaunchTests.swift in Sources */ = {isa = PBXBuildFile; fileRef = 30550CC22BC14D7900D51876 /* ChatworkUITestsLaunchTests.swift */; };
		3085EEDF2BC2555F00554A5D /* ChatList.storyboard in Resources */ = {isa = PBXBuildFile; fileRef = 3085EEDE2BC2555F00554A5D /* ChatList.storyboard */; };
		3085EEE12BC26DD300554A5D /* ChatListViewController.swift in Sources */ = {isa = PBXBuildFile; fileRef = 3085EEE02BC26DD300554A5D /* ChatListViewController.swift */; };
		3097B9522BC2D5D0005F270B /* Chat.storyboard in Resources */ = {isa = PBXBuildFile; fileRef = 3097B9512BC2D5CF005F270B /* Chat.storyboard */; };
		3097B9542BC2DE2B005F270B /* ChatViewController.swift in Sources */ = {isa = PBXBuildFile; fileRef = 3097B9532BC2DE2B005F270B /* ChatViewController.swift */; };
		89113D0F2BC279DA003ED248 /* ChatworkAPIProvider.swift in Sources */ = {isa = PBXBuildFile; fileRef = 89113D0E2BC279DA003ED248 /* ChatworkAPIProvider.swift */; };
		89113D112BC27B67003ED248 /* ChatworkModel.swift in Sources */ = {isa = PBXBuildFile; fileRef = 89113D102BC27B67003ED248 /* ChatworkModel.swift */; };
		89113D142BC284E9003ED248 /* CombineMoya in Frameworks */ = {isa = PBXBuildFile; productRef = 89113D132BC284E9003ED248 /* CombineMoya */; };
		89113D162BC284E9003ED248 /* Moya in Frameworks */ = {isa = PBXBuildFile; productRef = 89113D152BC284E9003ED248 /* Moya */; };
		89113D182BC284E9003ED248 /* ReactiveMoya in Frameworks */ = {isa = PBXBuildFile; productRef = 89113D172BC284E9003ED248 /* ReactiveMoya */; };
		89113D1A2BC284E9003ED248 /* RxMoya in Frameworks */ = {isa = PBXBuildFile; productRef = 89113D192BC284E9003ED248 /* RxMoya */; };
		89113D1E2BC287D0003ED248 /* LoginViewModel.swift in Sources */ = {isa = PBXBuildFile; fileRef = 89113D1D2BC287D0003ED248 /* LoginViewModel.swift */; };
		89113D202BC288A5003ED248 /* ChatworkAPIService.swift in Sources */ = {isa = PBXBuildFile; fileRef = 89113D1F2BC288A5003ED248 /* ChatworkAPIService.swift */; };
/* End PBXBuildFile section */

/* Begin PBXContainerItemProxy section */
		30550CB32BC14D7900D51876 /* PBXContainerItemProxy */ = {
			isa = PBXContainerItemProxy;
			containerPortal = 30550C942BC14D7700D51876 /* Project object */;
			proxyType = 1;
			remoteGlobalIDString = 30550C9B2BC14D7700D51876;
			remoteInfo = Chatwork;
		};
		30550CBD2BC14D7900D51876 /* PBXContainerItemProxy */ = {
			isa = PBXContainerItemProxy;
			containerPortal = 30550C942BC14D7700D51876 /* Project object */;
			proxyType = 1;
			remoteGlobalIDString = 30550C9B2BC14D7700D51876;
			remoteInfo = Chatwork;
		};
/* End PBXContainerItemProxy section */

/* Begin PBXFileReference section */
		30550C9C2BC14D7700D51876 /* Chatwork.app */ = {isa = PBXFileReference; explicitFileType = wrapper.application; includeInIndex = 0; path = Chatwork.app; sourceTree = BUILT_PRODUCTS_DIR; };
		30550C9F2BC14D7700D51876 /* AppDelegate.swift */ = {isa = PBXFileReference; lastKnownFileType = sourcecode.swift; path = AppDelegate.swift; sourceTree = "<group>"; };
		30550CA12BC14D7700D51876 /* SceneDelegate.swift */ = {isa = PBXFileReference; lastKnownFileType = sourcecode.swift; path = SceneDelegate.swift; sourceTree = "<group>"; };
		30550CA32BC14D7700D51876 /* LoginViewController.swift */ = {isa = PBXFileReference; lastKnownFileType = sourcecode.swift; path = LoginViewController.swift; sourceTree = "<group>"; };
		30550CA62BC14D7700D51876 /* Base */ = {isa = PBXFileReference; lastKnownFileType = file.storyboard; name = Base; path = Base.lproj/Login.storyboard; sourceTree = "<group>"; };
		30550CA82BC14D7800D51876 /* Assets.xcassets */ = {isa = PBXFileReference; lastKnownFileType = folder.assetcatalog; path = Assets.xcassets; sourceTree = "<group>"; };
		30550CAB2BC14D7800D51876 /* Base */ = {isa = PBXFileReference; lastKnownFileType = file.storyboard; name = Base; path = Base.lproj/LaunchScreen.storyboard; sourceTree = "<group>"; };
		30550CAD2BC14D7800D51876 /* Info.plist */ = {isa = PBXFileReference; lastKnownFileType = text.plist.xml; path = Info.plist; sourceTree = "<group>"; };
		30550CB22BC14D7900D51876 /* ChatworkTests.xctest */ = {isa = PBXFileReference; explicitFileType = wrapper.cfbundle; includeInIndex = 0; path = ChatworkTests.xctest; sourceTree = BUILT_PRODUCTS_DIR; };
		30550CB62BC14D7900D51876 /* ChatworkTests.swift */ = {isa = PBXFileReference; lastKnownFileType = sourcecode.swift; path = ChatworkTests.swift; sourceTree = "<group>"; };
		30550CBC2BC14D7900D51876 /* ChatworkUITests.xctest */ = {isa = PBXFileReference; explicitFileType = wrapper.cfbundle; includeInIndex = 0; path = ChatworkUITests.xctest; sourceTree = BUILT_PRODUCTS_DIR; };
		30550CC02BC14D7900D51876 /* ChatworkUITests.swift */ = {isa = PBXFileReference; lastKnownFileType = sourcecode.swift; path = ChatworkUITests.swift; sourceTree = "<group>"; };
		30550CC22BC14D7900D51876 /* ChatworkUITestsLaunchTests.swift */ = {isa = PBXFileReference; lastKnownFileType = sourcecode.swift; path = ChatworkUITestsLaunchTests.swift; sourceTree = "<group>"; };
		3085EEDE2BC2555F00554A5D /* ChatList.storyboard */ = {isa = PBXFileReference; lastKnownFileType = file.storyboard; path = ChatList.storyboard; sourceTree = "<group>"; };
		3085EEE02BC26DD300554A5D /* ChatListViewController.swift */ = {isa = PBXFileReference; lastKnownFileType = sourcecode.swift; path = ChatListViewController.swift; sourceTree = "<group>"; };
		3097B9512BC2D5CF005F270B /* Chat.storyboard */ = {isa = PBXFileReference; lastKnownFileType = file.storyboard; path = Chat.storyboard; sourceTree = "<group>"; };
		3097B9532BC2DE2B005F270B /* ChatViewController.swift */ = {isa = PBXFileReference; lastKnownFileType = sourcecode.swift; path = ChatViewController.swift; sourceTree = "<group>"; };
		89113D0E2BC279DA003ED248 /* ChatworkAPIProvider.swift */ = {isa = PBXFileReference; fileEncoding = 4; lastKnownFileType = sourcecode.swift; path = ChatworkAPIProvider.swift; sourceTree = "<group>"; };
		89113D102BC27B67003ED248 /* ChatworkModel.swift */ = {isa = PBXFileReference; lastKnownFileType = sourcecode.swift; path = ChatworkModel.swift; sourceTree = "<group>"; };
		89113D1D2BC287D0003ED248 /* LoginViewModel.swift */ = {isa = PBXFileReference; lastKnownFileType = sourcecode.swift; path = LoginViewModel.swift; sourceTree = "<group>"; };
		89113D1F2BC288A5003ED248 /* ChatworkAPIService.swift */ = {isa = PBXFileReference; lastKnownFileType = sourcecode.swift; path = ChatworkAPIService.swift; sourceTree = "<group>"; };
/* End PBXFileReference section */

/* Begin PBXFrameworksBuildPhase section */
		30550C992BC14D7700D51876 /* Frameworks */ = {
			isa = PBXFrameworksBuildPhase;
			buildActionMask = 2147483647;
			files = (
				89113D162BC284E9003ED248 /* Moya in Frameworks */,
				89113D142BC284E9003ED248 /* CombineMoya in Frameworks */,
				89113D1A2BC284E9003ED248 /* RxMoya in Frameworks */,
				89113D182BC284E9003ED248 /* ReactiveMoya in Frameworks */,
			);
			runOnlyForDeploymentPostprocessing = 0;
		};
		30550CAF2BC14D7900D51876 /* Frameworks */ = {
			isa = PBXFrameworksBuildPhase;
			buildActionMask = 2147483647;
			files = (
			);
			runOnlyForDeploymentPostprocessing = 0;
		};
		30550CB92BC14D7900D51876 /* Frameworks */ = {
			isa = PBXFrameworksBuildPhase;
			buildActionMask = 2147483647;
			files = (
			);
			runOnlyForDeploymentPostprocessing = 0;
		};
/* End PBXFrameworksBuildPhase section */

/* Begin PBXGroup section */
		30550C932BC14D7700D51876 = {
			isa = PBXGroup;
			children = (
				30550C9E2BC14D7700D51876 /* Chatwork */,
				30550CB52BC14D7900D51876 /* ChatworkTests */,
				30550CBF2BC14D7900D51876 /* ChatworkUITests */,
				30550C9D2BC14D7700D51876 /* Products */,
			);
			sourceTree = "<group>";
		};
		30550C9D2BC14D7700D51876 /* Products */ = {
			isa = PBXGroup;
			children = (
				30550C9C2BC14D7700D51876 /* Chatwork.app */,
				30550CB22BC14D7900D51876 /* ChatworkTests.xctest */,
				30550CBC2BC14D7900D51876 /* ChatworkUITests.xctest */,
			);
			name = Products;
			sourceTree = "<group>";
		};
		30550C9E2BC14D7700D51876 /* Chatwork */ = {
			isa = PBXGroup;
			children = (
				89113D1C2BC28767003ED248 /* Model */,
				89113D1B2BC2875B003ED248 /* ViewModel */,
				3085EEDD2BC2478600554A5D /* Views */,
				3085EEDC2BC2477900554A5D /* Storyboards */,
				30550C9F2BC14D7700D51876 /* AppDelegate.swift */,
				30550CA12BC14D7700D51876 /* SceneDelegate.swift */,
				30550CA82BC14D7800D51876 /* Assets.xcassets */,
				30550CAA2BC14D7800D51876 /* LaunchScreen.storyboard */,
				30550CAD2BC14D7800D51876 /* Info.plist */,
			);
			path = Chatwork;
			sourceTree = "<group>";
		};
		30550CB52BC14D7900D51876 /* ChatworkTests */ = {
			isa = PBXGroup;
			children = (
				30550CB62BC14D7900D51876 /* ChatworkTests.swift */,
			);
			path = ChatworkTests;
			sourceTree = "<group>";
		};
		30550CBF2BC14D7900D51876 /* ChatworkUITests */ = {
			isa = PBXGroup;
			children = (
				30550CC02BC14D7900D51876 /* ChatworkUITests.swift */,
				30550CC22BC14D7900D51876 /* ChatworkUITestsLaunchTests.swift */,
			);
			path = ChatworkUITests;
			sourceTree = "<group>";
		};
		3085EEDC2BC2477900554A5D /* Storyboards */ = {
			isa = PBXGroup;
			children = (
				30550CA52BC14D7700D51876 /* Login.storyboard */,
				3085EEDE2BC2555F00554A5D /* ChatList.storyboard */,
				3097B9512BC2D5CF005F270B /* Chat.storyboard */,
			);
			path = Storyboards;
			sourceTree = "<group>";
		};
		3085EEDD2BC2478600554A5D /* Views */ = {
			isa = PBXGroup;
			children = (
				30550CA32BC14D7700D51876 /* LoginViewController.swift */,
				3085EEE02BC26DD300554A5D /* ChatListViewController.swift */,
				3097B9532BC2DE2B005F270B /* ChatViewController.swift */,
			);
			path = Views;
			sourceTree = "<group>";
		};
		89113D1B2BC2875B003ED248 /* ViewModel */ = {
			isa = PBXGroup;
			children = (
				89113D1D2BC287D0003ED248 /* LoginViewModel.swift */,
			);
			path = ViewModel;
			sourceTree = "<group>";
		};
		89113D1C2BC28767003ED248 /* Model */ = {
			isa = PBXGroup;
			children = (
				89113D102BC27B67003ED248 /* ChatworkModel.swift */,
				89113D0E2BC279DA003ED248 /* ChatworkAPIProvider.swift */,
				89113D1F2BC288A5003ED248 /* ChatworkAPIService.swift */,
			);
			path = Model;
			sourceTree = "<group>";
		};
/* End PBXGroup section */

/* Begin PBXNativeTarget section */
		30550C9B2BC14D7700D51876 /* Chatwork */ = {
			isa = PBXNativeTarget;
			buildConfigurationList = 30550CC62BC14D7900D51876 /* Build configuration list for PBXNativeTarget "Chatwork" */;
			buildPhases = (
				30550C982BC14D7700D51876 /* Sources */,
				30550C992BC14D7700D51876 /* Frameworks */,
				30550C9A2BC14D7700D51876 /* Resources */,
			);
			buildRules = (
			);
			dependencies = (
			);
			name = Chatwork;
			packageProductDependencies = (
				89113D132BC284E9003ED248 /* CombineMoya */,
				89113D152BC284E9003ED248 /* Moya */,
				89113D172BC284E9003ED248 /* ReactiveMoya */,
				89113D192BC284E9003ED248 /* RxMoya */,
			);
			productName = Chatwork;
			productReference = 30550C9C2BC14D7700D51876 /* Chatwork.app */;
			productType = "com.apple.product-type.application";
		};
		30550CB12BC14D7900D51876 /* ChatworkTests */ = {
			isa = PBXNativeTarget;
			buildConfigurationList = 30550CC92BC14D7900D51876 /* Build configuration list for PBXNativeTarget "ChatworkTests" */;
			buildPhases = (
				30550CAE2BC14D7900D51876 /* Sources */,
				30550CAF2BC14D7900D51876 /* Frameworks */,
				30550CB02BC14D7900D51876 /* Resources */,
			);
			buildRules = (
			);
			dependencies = (
				30550CB42BC14D7900D51876 /* PBXTargetDependency */,
			);
			name = ChatworkTests;
			productName = ChatworkTests;
			productReference = 30550CB22BC14D7900D51876 /* ChatworkTests.xctest */;
			productType = "com.apple.product-type.bundle.unit-test";
		};
		30550CBB2BC14D7900D51876 /* ChatworkUITests */ = {
			isa = PBXNativeTarget;
			buildConfigurationList = 30550CCC2BC14D7900D51876 /* Build configuration list for PBXNativeTarget "ChatworkUITests" */;
			buildPhases = (
				30550CB82BC14D7900D51876 /* Sources */,
				30550CB92BC14D7900D51876 /* Frameworks */,
				30550CBA2BC14D7900D51876 /* Resources */,
			);
			buildRules = (
			);
			dependencies = (
				30550CBE2BC14D7900D51876 /* PBXTargetDependency */,
			);
			name = ChatworkUITests;
			productName = ChatworkUITests;
			productReference = 30550CBC2BC14D7900D51876 /* ChatworkUITests.xctest */;
			productType = "com.apple.product-type.bundle.ui-testing";
		};
/* End PBXNativeTarget section */

/* Begin PBXProject section */
		30550C942BC14D7700D51876 /* Project object */ = {
			isa = PBXProject;
			attributes = {
				BuildIndependentTargetsInParallel = 1;
				LastSwiftUpdateCheck = 1530;
				LastUpgradeCheck = 1530;
				TargetAttributes = {
					30550C9B2BC14D7700D51876 = {
						CreatedOnToolsVersion = 15.3;
					};
					30550CB12BC14D7900D51876 = {
						CreatedOnToolsVersion = 15.3;
						TestTargetID = 30550C9B2BC14D7700D51876;
					};
					30550CBB2BC14D7900D51876 = {
						CreatedOnToolsVersion = 15.3;
						TestTargetID = 30550C9B2BC14D7700D51876;
					};
				};
			};
			buildConfigurationList = 30550C972BC14D7700D51876 /* Build configuration list for PBXProject "Chatwork" */;
			compatibilityVersion = "Xcode 14.0";
			developmentRegion = en;
			hasScannedForEncodings = 0;
			knownRegions = (
				en,
				Base,
			);
			mainGroup = 30550C932BC14D7700D51876;
			packageReferences = (
				89113D122BC284E9003ED248 /* XCRemoteSwiftPackageReference "Moya" */,
			);
			productRefGroup = 30550C9D2BC14D7700D51876 /* Products */;
			projectDirPath = "";
			projectRoot = "";
			targets = (
				30550C9B2BC14D7700D51876 /* Chatwork */,
				30550CB12BC14D7900D51876 /* ChatworkTests */,
				30550CBB2BC14D7900D51876 /* ChatworkUITests */,
			);
		};
/* End PBXProject section */

/* Begin PBXResourcesBuildPhase section */
		30550C9A2BC14D7700D51876 /* Resources */ = {
			isa = PBXResourcesBuildPhase;
			buildActionMask = 2147483647;
			files = (
				30550CA92BC14D7800D51876 /* Assets.xcassets in Resources */,
				30550CAC2BC14D7800D51876 /* Base in Resources */,
				3085EEDF2BC2555F00554A5D /* ChatList.storyboard in Resources */,
				3097B9522BC2D5D0005F270B /* Chat.storyboard in Resources */,
				30550CA72BC14D7700D51876 /* Base in Resources */,
			);
			runOnlyForDeploymentPostprocessing = 0;
		};
		30550CB02BC14D7900D51876 /* Resources */ = {
			isa = PBXResourcesBuildPhase;
			buildActionMask = 2147483647;
			files = (
			);
			runOnlyForDeploymentPostprocessing = 0;
		};
		30550CBA2BC14D7900D51876 /* Resources */ = {
			isa = PBXResourcesBuildPhase;
			buildActionMask = 2147483647;
			files = (
			);
			runOnlyForDeploymentPostprocessing = 0;
		};
/* End PBXResourcesBuildPhase section */

/* Begin PBXSourcesBuildPhase section */
		30550C982BC14D7700D51876 /* Sources */ = {
			isa = PBXSourcesBuildPhase;
			buildActionMask = 2147483647;
			files = (
				30550CA42BC14D7700D51876 /* LoginViewController.swift in Sources */,
				89113D202BC288A5003ED248 /* ChatworkAPIService.swift in Sources */,
				89113D112BC27B67003ED248 /* ChatworkModel.swift in Sources */,
				89113D0F2BC279DA003ED248 /* ChatworkAPIProvider.swift in Sources */,
				30550CA02BC14D7700D51876 /* AppDelegate.swift in Sources */,
				3085EEE12BC26DD300554A5D /* ChatListViewController.swift in Sources */,
				30550CA22BC14D7700D51876 /* SceneDelegate.swift in Sources */,
				3097B9542BC2DE2B005F270B /* ChatViewController.swift in Sources */,
				89113D1E2BC287D0003ED248 /* LoginViewModel.swift in Sources */,
			);
			runOnlyForDeploymentPostprocessing = 0;
		};
		30550CAE2BC14D7900D51876 /* Sources */ = {
			isa = PBXSourcesBuildPhase;
			buildActionMask = 2147483647;
			files = (
				30550CB72BC14D7900D51876 /* ChatworkTests.swift in Sources */,
			);
			runOnlyForDeploymentPostprocessing = 0;
		};
		30550CB82BC14D7900D51876 /* Sources */ = {
			isa = PBXSourcesBuildPhase;
			buildActionMask = 2147483647;
			files = (
				30550CC32BC14D7900D51876 /* ChatworkUITestsLaunchTests.swift in Sources */,
				30550CC12BC14D7900D51876 /* ChatworkUITests.swift in Sources */,
			);
			runOnlyForDeploymentPostprocessing = 0;
		};
/* End PBXSourcesBuildPhase section */

/* Begin PBXTargetDependency section */
		30550CB42BC14D7900D51876 /* PBXTargetDependency */ = {
			isa = PBXTargetDependency;
			target = 30550C9B2BC14D7700D51876 /* Chatwork */;
			targetProxy = 30550CB32BC14D7900D51876 /* PBXContainerItemProxy */;
		};
		30550CBE2BC14D7900D51876 /* PBXTargetDependency */ = {
			isa = PBXTargetDependency;
			target = 30550C9B2BC14D7700D51876 /* Chatwork */;
			targetProxy = 30550CBD2BC14D7900D51876 /* PBXContainerItemProxy */;
		};
/* End PBXTargetDependency section */

/* Begin PBXVariantGroup section */
		30550CA52BC14D7700D51876 /* Login.storyboard */ = {
			isa = PBXVariantGroup;
			children = (
				30550CA62BC14D7700D51876 /* Base */,
			);
			name = Login.storyboard;
			sourceTree = "<group>";
		};
		30550CAA2BC14D7800D51876 /* LaunchScreen.storyboard */ = {
			isa = PBXVariantGroup;
			children = (
				30550CAB2BC14D7800D51876 /* Base */,
			);
			name = LaunchScreen.storyboard;
			sourceTree = "<group>";
		};
/* End PBXVariantGroup section */

/* Begin XCBuildConfiguration section */
		30550CC42BC14D7900D51876 /* Debug */ = {
			isa = XCBuildConfiguration;
			buildSettings = {
				ALWAYS_SEARCH_USER_PATHS = NO;
				ASSETCATALOG_COMPILER_GENERATE_SWIFT_ASSET_SYMBOL_EXTENSIONS = YES;
				CLANG_ANALYZER_NONNULL = YES;
				CLANG_ANALYZER_NUMBER_OBJECT_CONVERSION = YES_AGGRESSIVE;
				CLANG_CXX_LANGUAGE_STANDARD = "gnu++20";
				CLANG_ENABLE_MODULES = YES;
				CLANG_ENABLE_OBJC_ARC = YES;
				CLANG_ENABLE_OBJC_WEAK = YES;
				CLANG_WARN_BLOCK_CAPTURE_AUTORELEASING = YES;
				CLANG_WARN_BOOL_CONVERSION = YES;
				CLANG_WARN_COMMA = YES;
				CLANG_WARN_CONSTANT_CONVERSION = YES;
				CLANG_WARN_DEPRECATED_OBJC_IMPLEMENTATIONS = YES;
				CLANG_WARN_DIRECT_OBJC_ISA_USAGE = YES_ERROR;
				CLANG_WARN_DOCUMENTATION_COMMENTS = YES;
				CLANG_WARN_EMPTY_BODY = YES;
				CLANG_WARN_ENUM_CONVERSION = YES;
				CLANG_WARN_INFINITE_RECURSION = YES;
				CLANG_WARN_INT_CONVERSION = YES;
				CLANG_WARN_NON_LITERAL_NULL_CONVERSION = YES;
				CLANG_WARN_OBJC_IMPLICIT_RETAIN_SELF = YES;
				CLANG_WARN_OBJC_LITERAL_CONVERSION = YES;
				CLANG_WARN_OBJC_ROOT_CLASS = YES_ERROR;
				CLANG_WARN_QUOTED_INCLUDE_IN_FRAMEWORK_HEADER = YES;
				CLANG_WARN_RANGE_LOOP_ANALYSIS = YES;
				CLANG_WARN_STRICT_PROTOTYPES = YES;
				CLANG_WARN_SUSPICIOUS_MOVE = YES;
				CLANG_WARN_UNGUARDED_AVAILABILITY = YES_AGGRESSIVE;
				CLANG_WARN_UNREACHABLE_CODE = YES;
				CLANG_WARN__DUPLICATE_METHOD_MATCH = YES;
				COPY_PHASE_STRIP = NO;
				DEBUG_INFORMATION_FORMAT = dwarf;
				ENABLE_STRICT_OBJC_MSGSEND = YES;
				ENABLE_TESTABILITY = YES;
				ENABLE_USER_SCRIPT_SANDBOXING = YES;
				GCC_C_LANGUAGE_STANDARD = gnu17;
				GCC_DYNAMIC_NO_PIC = NO;
				GCC_NO_COMMON_BLOCKS = YES;
				GCC_OPTIMIZATION_LEVEL = 0;
				GCC_PREPROCESSOR_DEFINITIONS = (
					"DEBUG=1",
					"$(inherited)",
				);
				GCC_WARN_64_TO_32_BIT_CONVERSION = YES;
				GCC_WARN_ABOUT_RETURN_TYPE = YES_ERROR;
				GCC_WARN_UNDECLARED_SELECTOR = YES;
				GCC_WARN_UNINITIALIZED_AUTOS = YES_AGGRESSIVE;
				GCC_WARN_UNUSED_FUNCTION = YES;
				GCC_WARN_UNUSED_VARIABLE = YES;
				IPHONEOS_DEPLOYMENT_TARGET = 17.4;
				LOCALIZATION_PREFERS_STRING_CATALOGS = YES;
				MTL_ENABLE_DEBUG_INFO = INCLUDE_SOURCE;
				MTL_FAST_MATH = YES;
				ONLY_ACTIVE_ARCH = YES;
				SDKROOT = iphoneos;
				SWIFT_ACTIVE_COMPILATION_CONDITIONS = "DEBUG $(inherited)";
				SWIFT_OPTIMIZATION_LEVEL = "-Onone";
			};
			name = Debug;
		};
		30550CC52BC14D7900D51876 /* Release */ = {
			isa = XCBuildConfiguration;
			buildSettings = {
				ALWAYS_SEARCH_USER_PATHS = NO;
				ASSETCATALOG_COMPILER_GENERATE_SWIFT_ASSET_SYMBOL_EXTENSIONS = YES;
				CLANG_ANALYZER_NONNULL = YES;
				CLANG_ANALYZER_NUMBER_OBJECT_CONVERSION = YES_AGGRESSIVE;
				CLANG_CXX_LANGUAGE_STANDARD = "gnu++20";
				CLANG_ENABLE_MODULES = YES;
				CLANG_ENABLE_OBJC_ARC = YES;
				CLANG_ENABLE_OBJC_WEAK = YES;
				CLANG_WARN_BLOCK_CAPTURE_AUTORELEASING = YES;
				CLANG_WARN_BOOL_CONVERSION = YES;
				CLANG_WARN_COMMA = YES;
				CLANG_WARN_CONSTANT_CONVERSION = YES;
				CLANG_WARN_DEPRECATED_OBJC_IMPLEMENTATIONS = YES;
				CLANG_WARN_DIRECT_OBJC_ISA_USAGE = YES_ERROR;
				CLANG_WARN_DOCUMENTATION_COMMENTS = YES;
				CLANG_WARN_EMPTY_BODY = YES;
				CLANG_WARN_ENUM_CONVERSION = YES;
				CLANG_WARN_INFINITE_RECURSION = YES;
				CLANG_WARN_INT_CONVERSION = YES;
				CLANG_WARN_NON_LITERAL_NULL_CONVERSION = YES;
				CLANG_WARN_OBJC_IMPLICIT_RETAIN_SELF = YES;
				CLANG_WARN_OBJC_LITERAL_CONVERSION = YES;
				CLANG_WARN_OBJC_ROOT_CLASS = YES_ERROR;
				CLANG_WARN_QUOTED_INCLUDE_IN_FRAMEWORK_HEADER = YES;
				CLANG_WARN_RANGE_LOOP_ANALYSIS = YES;
				CLANG_WARN_STRICT_PROTOTYPES = YES;
				CLANG_WARN_SUSPICIOUS_MOVE = YES;
				CLANG_WARN_UNGUARDED_AVAILABILITY = YES_AGGRESSIVE;
				CLANG_WARN_UNREACHABLE_CODE = YES;
				CLANG_WARN__DUPLICATE_METHOD_MATCH = YES;
				COPY_PHASE_STRIP = NO;
				DEBUG_INFORMATION_FORMAT = "dwarf-with-dsym";
				ENABLE_NS_ASSERTIONS = NO;
				ENABLE_STRICT_OBJC_MSGSEND = YES;
				ENABLE_USER_SCRIPT_SANDBOXING = YES;
				GCC_C_LANGUAGE_STANDARD = gnu17;
				GCC_NO_COMMON_BLOCKS = YES;
				GCC_WARN_64_TO_32_BIT_CONVERSION = YES;
				GCC_WARN_ABOUT_RETURN_TYPE = YES_ERROR;
				GCC_WARN_UNDECLARED_SELECTOR = YES;
				GCC_WARN_UNINITIALIZED_AUTOS = YES_AGGRESSIVE;
				GCC_WARN_UNUSED_FUNCTION = YES;
				GCC_WARN_UNUSED_VARIABLE = YES;
				IPHONEOS_DEPLOYMENT_TARGET = 17.4;
				LOCALIZATION_PREFERS_STRING_CATALOGS = YES;
				MTL_ENABLE_DEBUG_INFO = NO;
				MTL_FAST_MATH = YES;
				SDKROOT = iphoneos;
				SWIFT_COMPILATION_MODE = wholemodule;
				VALIDATE_PRODUCT = YES;
			};
			name = Release;
		};
		30550CC72BC14D7900D51876 /* Debug */ = {
			isa = XCBuildConfiguration;
			buildSettings = {
				ASSETCATALOG_COMPILER_APPICON_NAME = AppIcon;
				ASSETCATALOG_COMPILER_GLOBAL_ACCENT_COLOR_NAME = AccentColor;
				CODE_SIGN_STYLE = Automatic;
				CURRENT_PROJECT_VERSION = 1;
				DEVELOPMENT_TEAM = QU5MY7WAK3;
				GENERATE_INFOPLIST_FILE = YES;
				INFOPLIST_FILE = Chatwork/Info.plist;
				INFOPLIST_KEY_UIApplicationSupportsIndirectInputEvents = YES;
				INFOPLIST_KEY_UILaunchStoryboardName = LaunchScreen;
				INFOPLIST_KEY_UIMainStoryboardFile = Login;
				INFOPLIST_KEY_UISupportedInterfaceOrientations_iPad = "UIInterfaceOrientationPortrait UIInterfaceOrientationPortraitUpsideDown UIInterfaceOrientationLandscapeLeft UIInterfaceOrientationLandscapeRight";
				INFOPLIST_KEY_UISupportedInterfaceOrientations_iPhone = "UIInterfaceOrientationPortrait UIInterfaceOrientationLandscapeLeft UIInterfaceOrientationLandscapeRight";
				LD_RUNPATH_SEARCH_PATHS = (
					"$(inherited)",
					"@executable_path/Frameworks",
				);
				MARKETING_VERSION = 1.0;
				PRODUCT_BUNDLE_IDENTIFIER = "jp.ac.kyusan-u.Chatwork";
				PRODUCT_NAME = "$(TARGET_NAME)";
				SWIFT_EMIT_LOC_STRINGS = YES;
				SWIFT_VERSION = 5.0;
				TARGETED_DEVICE_FAMILY = "1,2";
			};
			name = Debug;
		};
		30550CC82BC14D7900D51876 /* Release */ = {
			isa = XCBuildConfiguration;
			buildSettings = {
				ASSETCATALOG_COMPILER_APPICON_NAME = AppIcon;
				ASSETCATALOG_COMPILER_GLOBAL_ACCENT_COLOR_NAME = AccentColor;
				CODE_SIGN_STYLE = Automatic;
				CURRENT_PROJECT_VERSION = 1;
				DEVELOPMENT_TEAM = QU5MY7WAK3;
				GENERATE_INFOPLIST_FILE = YES;
				INFOPLIST_FILE = Chatwork/Info.plist;
				INFOPLIST_KEY_UIApplicationSupportsIndirectInputEvents = YES;
				INFOPLIST_KEY_UILaunchStoryboardName = LaunchScreen;
				INFOPLIST_KEY_UIMainStoryboardFile = Login;
				INFOPLIST_KEY_UISupportedInterfaceOrientations_iPad = "UIInterfaceOrientationPortrait UIInterfaceOrientationPortraitUpsideDown UIInterfaceOrientationLandscapeLeft UIInterfaceOrientationLandscapeRight";
				INFOPLIST_KEY_UISupportedInterfaceOrientations_iPhone = "UIInterfaceOrientationPortrait UIInterfaceOrientationLandscapeLeft UIInterfaceOrientationLandscapeRight";
				LD_RUNPATH_SEARCH_PATHS = (
					"$(inherited)",
					"@executable_path/Frameworks",
				);
				MARKETING_VERSION = 1.0;
				PRODUCT_BUNDLE_IDENTIFIER = "jp.ac.kyusan-u.Chatwork";
				PRODUCT_NAME = "$(TARGET_NAME)";
				SWIFT_EMIT_LOC_STRINGS = YES;
				SWIFT_VERSION = 5.0;
				TARGETED_DEVICE_FAMILY = "1,2";
			};
			name = Release;
		};
		30550CCA2BC14D7900D51876 /* Debug */ = {
			isa = XCBuildConfiguration;
			buildSettings = {
				ALWAYS_EMBED_SWIFT_STANDARD_LIBRARIES = YES;
				BUNDLE_LOADER = "$(TEST_HOST)";
				CODE_SIGN_STYLE = Automatic;
				CURRENT_PROJECT_VERSION = 1;
				DEVELOPMENT_TEAM = QU5MY7WAK3;
				GENERATE_INFOPLIST_FILE = YES;
				IPHONEOS_DEPLOYMENT_TARGET = 17.4;
				MARKETING_VERSION = 1.0;
				PRODUCT_BUNDLE_IDENTIFIER = "jp.ac.kyusan-u.ChatworkTests";
				PRODUCT_NAME = "$(TARGET_NAME)";
				SWIFT_EMIT_LOC_STRINGS = NO;
				SWIFT_VERSION = 5.0;
				TARGETED_DEVICE_FAMILY = "1,2";
				TEST_HOST = "$(BUILT_PRODUCTS_DIR)/Chatwork.app/$(BUNDLE_EXECUTABLE_FOLDER_PATH)/Chatwork";
			};
			name = Debug;
		};
		30550CCB2BC14D7900D51876 /* Release */ = {
			isa = XCBuildConfiguration;
			buildSettings = {
				ALWAYS_EMBED_SWIFT_STANDARD_LIBRARIES = YES;
				BUNDLE_LOADER = "$(TEST_HOST)";
				CODE_SIGN_STYLE = Automatic;
				CURRENT_PROJECT_VERSION = 1;
				DEVELOPMENT_TEAM = QU5MY7WAK3;
				GENERATE_INFOPLIST_FILE = YES;
				IPHONEOS_DEPLOYMENT_TARGET = 17.4;
				MARKETING_VERSION = 1.0;
				PRODUCT_BUNDLE_IDENTIFIER = "jp.ac.kyusan-u.ChatworkTests";
				PRODUCT_NAME = "$(TARGET_NAME)";
				SWIFT_EMIT_LOC_STRINGS = NO;
				SWIFT_VERSION = 5.0;
				TARGETED_DEVICE_FAMILY = "1,2";
				TEST_HOST = "$(BUILT_PRODUCTS_DIR)/Chatwork.app/$(BUNDLE_EXECUTABLE_FOLDER_PATH)/Chatwork";
			};
			name = Release;
		};
		30550CCD2BC14D7900D51876 /* Debug */ = {
			isa = XCBuildConfiguration;
			buildSettings = {
				ALWAYS_EMBED_SWIFT_STANDARD_LIBRARIES = YES;
				CODE_SIGN_STYLE = Automatic;
				CURRENT_PROJECT_VERSION = 1;
				DEVELOPMENT_TEAM = QU5MY7WAK3;
				GENERATE_INFOPLIST_FILE = YES;
				MARKETING_VERSION = 1.0;
				PRODUCT_BUNDLE_IDENTIFIER = "jp.ac.kyusan-u.ChatworkUITests";
				PRODUCT_NAME = "$(TARGET_NAME)";
				SWIFT_EMIT_LOC_STRINGS = NO;
				SWIFT_VERSION = 5.0;
				TARGETED_DEVICE_FAMILY = "1,2";
				TEST_TARGET_NAME = Chatwork;
			};
			name = Debug;
		};
		30550CCE2BC14D7900D51876 /* Release */ = {
			isa = XCBuildConfiguration;
			buildSettings = {
				ALWAYS_EMBED_SWIFT_STANDARD_LIBRARIES = YES;
				CODE_SIGN_STYLE = Automatic;
				CURRENT_PROJECT_VERSION = 1;
				DEVELOPMENT_TEAM = QU5MY7WAK3;
				GENERATE_INFOPLIST_FILE = YES;
				MARKETING_VERSION = 1.0;
				PRODUCT_BUNDLE_IDENTIFIER = "jp.ac.kyusan-u.ChatworkUITests";
				PRODUCT_NAME = "$(TARGET_NAME)";
				SWIFT_EMIT_LOC_STRINGS = NO;
				SWIFT_VERSION = 5.0;
				TARGETED_DEVICE_FAMILY = "1,2";
				TEST_TARGET_NAME = Chatwork;
			};
			name = Release;
		};
/* End XCBuildConfiguration section */

/* Begin XCConfigurationList section */
		30550C972BC14D7700D51876 /* Build configuration list for PBXProject "Chatwork" */ = {
			isa = XCConfigurationList;
			buildConfigurations = (
				30550CC42BC14D7900D51876 /* Debug */,
				30550CC52BC14D7900D51876 /* Release */,
			);
			defaultConfigurationIsVisible = 0;
			defaultConfigurationName = Release;
		};
		30550CC62BC14D7900D51876 /* Build configuration list for PBXNativeTarget "Chatwork" */ = {
			isa = XCConfigurationList;
			buildConfigurations = (
				30550CC72BC14D7900D51876 /* Debug */,
				30550CC82BC14D7900D51876 /* Release */,
			);
			defaultConfigurationIsVisible = 0;
			defaultConfigurationName = Release;
		};
		30550CC92BC14D7900D51876 /* Build configuration list for PBXNativeTarget "ChatworkTests" */ = {
			isa = XCConfigurationList;
			buildConfigurations = (
				30550CCA2BC14D7900D51876 /* Debug */,
				30550CCB2BC14D7900D51876 /* Release */,
			);
			defaultConfigurationIsVisible = 0;
			defaultConfigurationName = Release;
		};
		30550CCC2BC14D7900D51876 /* Build configuration list for PBXNativeTarget "ChatworkUITests" */ = {
			isa = XCConfigurationList;
			buildConfigurations = (
				30550CCD2BC14D7900D51876 /* Debug */,
				30550CCE2BC14D7900D51876 /* Release */,
			);
			defaultConfigurationIsVisible = 0;
			defaultConfigurationName = Release;
		};
/* End XCConfigurationList section */

/* Begin XCRemoteSwiftPackageReference section */
		89113D122BC284E9003ED248 /* XCRemoteSwiftPackageReference "Moya" */ = {
			isa = XCRemoteSwiftPackageReference;
			repositoryURL = "https://github.com/Moya/Moya.git";
			requirement = {
				kind = upToNextMajorVersion;
				minimumVersion = 15.0.3;
			};
		};
/* End XCRemoteSwiftPackageReference section */

/* Begin XCSwiftPackageProductDependency section */
		89113D132BC284E9003ED248 /* CombineMoya */ = {
			isa = XCSwiftPackageProductDependency;
			package = 89113D122BC284E9003ED248 /* XCRemoteSwiftPackageReference "Moya" */;
			productName = CombineMoya;
		};
		89113D152BC284E9003ED248 /* Moya */ = {
			isa = XCSwiftPackageProductDependency;
			package = 89113D122BC284E9003ED248 /* XCRemoteSwiftPackageReference "Moya" */;
			productName = Moya;
		};
		89113D172BC284E9003ED248 /* ReactiveMoya */ = {
			isa = XCSwiftPackageProductDependency;
			package = 89113D122BC284E9003ED248 /* XCRemoteSwiftPackageReference "Moya" */;
			productName = ReactiveMoya;
		};
		89113D192BC284E9003ED248 /* RxMoya */ = {
			isa = XCSwiftPackageProductDependency;
			package = 89113D122BC284E9003ED248 /* XCRemoteSwiftPackageReference "Moya" */;
			productName = RxMoya;
		};
/* End XCSwiftPackageProductDependency section */
	};
	rootObject = 30550C942BC14D7700D51876 /* Project object */;
}
